// !$*UTF8*$!
{
	archiveVersion = 1;
	classes = {
	};
	objectVersion = 56;
	objects = {

/* Begin PBXBuildFile section */
		CE2053AC2A68140600C96159 /* PokemonDetail.swift in Sources */ = {isa = PBXBuildFile; fileRef = CE2053AB2A68140600C96159 /* PokemonDetail.swift */; };
		CE2053AE2A68142300C96159 /* PokemonList.swift in Sources */ = {isa = PBXBuildFile; fileRef = CE2053AD2A68142300C96159 /* PokemonList.swift */; };
		CE2053B12A6814C000C96159 /* LoginView.swift in Sources */ = {isa = PBXBuildFile; fileRef = CE2053B02A6814C000C96159 /* LoginView.swift */; };
		CE2053B52A68185100C96159 /* PikachuImage.swift in Sources */ = {isa = PBXBuildFile; fileRef = CE2053B42A68185100C96159 /* PikachuImage.swift */; };
		CE6C6E632A617A1200886227 /* PokemonSwiftUIApp.swift in Sources */ = {isa = PBXBuildFile; fileRef = CE6C6E622A617A1200886227 /* PokemonSwiftUIApp.swift */; };
		CE6C6E652A617A1200886227 /* ContentView.swift in Sources */ = {isa = PBXBuildFile; fileRef = CE6C6E642A617A1200886227 /* ContentView.swift */; };
		CE6C6E672A617A1400886227 /* Assets.xcassets in Resources */ = {isa = PBXBuildFile; fileRef = CE6C6E662A617A1400886227 /* Assets.xcassets */; };
		CE6C6E6A2A617A1400886227 /* Preview Assets.xcassets in Resources */ = {isa = PBXBuildFile; fileRef = CE6C6E692A617A1400886227 /* Preview Assets.xcassets */; };
		CE6C6E6C2A617A1400886227 /* Persistence.swift in Sources */ = {isa = PBXBuildFile; fileRef = CE6C6E6B2A617A1400886227 /* Persistence.swift */; };
		CE6C6E6F2A617A1400886227 /* PokemonSwiftUI.xcdatamodeld in Sources */ = {isa = PBXBuildFile; fileRef = CE6C6E6D2A617A1400886227 /* PokemonSwiftUI.xcdatamodeld */; };
		CE6C6E792A617A1400886227 /* PokemonSwiftUITests.swift in Sources */ = {isa = PBXBuildFile; fileRef = CE6C6E782A617A1400886227 /* PokemonSwiftUITests.swift */; };
		CE6C6E832A617A1400886227 /* PokemonSwiftUIUITests.swift in Sources */ = {isa = PBXBuildFile; fileRef = CE6C6E822A617A1400886227 /* PokemonSwiftUIUITests.swift */; };
		CE6C6E852A617A1400886227 /* PokemonSwiftUIUITestsLaunchTests.swift in Sources */ = {isa = PBXBuildFile; fileRef = CE6C6E842A617A1400886227 /* PokemonSwiftUIUITestsLaunchTests.swift */; };
		CE6C6E962A617AC400886227 /* PokemonRow.swift in Sources */ = {isa = PBXBuildFile; fileRef = CE6C6E952A617AC400886227 /* PokemonRow.swift */; };
		CE6C6E982A617BAC00886227 /* Pokemon.swift in Sources */ = {isa = PBXBuildFile; fileRef = CE6C6E972A617BAC00886227 /* Pokemon.swift */; };
		CE6C6E9A2A617D3A00886227 /* ConstantVariables.swift in Sources */ = {isa = PBXBuildFile; fileRef = CE6C6E992A617D3A00886227 /* ConstantVariables.swift */; };
		CE6C6E9D2A617E6E00886227 /* PokemonListViewModel.swift in Sources */ = {isa = PBXBuildFile; fileRef = CE6C6E9C2A617E6E00886227 /* PokemonListViewModel.swift */; };
		CEC2A9882A68194F0066A302 /* Profile.swift in Sources */ = {isa = PBXBuildFile; fileRef = CEC2A9872A68194F0066A302 /* Profile.swift */; };
		CEC2A98A2A681E610066A302 /* GradientBackground.swift in Sources */ = {isa = PBXBuildFile; fileRef = CEC2A9892A681E610066A302 /* GradientBackground.swift */; };
		CEC2A98D2A68259F0066A302 /* SettingsView.swift in Sources */ = {isa = PBXBuildFile; fileRef = CEC2A98C2A68259F0066A302 /* SettingsView.swift */; };
		CEC2A9902A682A140066A302 /* Kingfisher in Frameworks */ = {isa = PBXBuildFile; productRef = CEC2A98F2A682A140066A302 /* Kingfisher */; };
		CEC2A9922A68757A0066A302 /* LoginViewModel.swift in Sources */ = {isa = PBXBuildFile; fileRef = CEC2A9912A68757A0066A302 /* LoginViewModel.swift */; };
		CEC2A9982A698D2B0066A302 /* Auth0 in Frameworks */ = {isa = PBXBuildFile; productRef = CEC2A9972A698D2B0066A302 /* Auth0 */; };
		CEC2A99A2A698F2A0066A302 /* Auth0.plist in Resources */ = {isa = PBXBuildFile; fileRef = CEC2A9992A698F2A0066A302 /* Auth0.plist */; };
		CEE468302A6AD54D00612923 /* PokemonDetailViewModel.swift in Sources */ = {isa = PBXBuildFile; fileRef = CEE4682F2A6AD54D00612923 /* PokemonDetailViewModel.swift */; };
/* End PBXBuildFile section */

/* Begin PBXContainerItemProxy section */
		CE6C6E752A617A1400886227 /* PBXContainerItemProxy */ = {
			isa = PBXContainerItemProxy;
			containerPortal = CE6C6E572A617A1100886227 /* Project object */;
			proxyType = 1;
			remoteGlobalIDString = CE6C6E5E2A617A1200886227;
			remoteInfo = PokemonSwiftUI;
		};
		CE6C6E7F2A617A1400886227 /* PBXContainerItemProxy */ = {
			isa = PBXContainerItemProxy;
			containerPortal = CE6C6E572A617A1100886227 /* Project object */;
			proxyType = 1;
			remoteGlobalIDString = CE6C6E5E2A617A1200886227;
			remoteInfo = PokemonSwiftUI;
		};
/* End PBXContainerItemProxy section */

/* Begin PBXFileReference section */
		CE2053AB2A68140600C96159 /* PokemonDetail.swift */ = {isa = PBXFileReference; lastKnownFileType = sourcecode.swift; path = PokemonDetail.swift; sourceTree = "<group>"; };
		CE2053AD2A68142300C96159 /* PokemonList.swift */ = {isa = PBXFileReference; lastKnownFileType = sourcecode.swift; path = PokemonList.swift; sourceTree = "<group>"; };
		CE2053B02A6814C000C96159 /* LoginView.swift */ = {isa = PBXFileReference; lastKnownFileType = sourcecode.swift; path = LoginView.swift; sourceTree = "<group>"; };
		CE2053B42A68185100C96159 /* PikachuImage.swift */ = {isa = PBXFileReference; lastKnownFileType = sourcecode.swift; path = PikachuImage.swift; sourceTree = "<group>"; };
		CE6C6E5F2A617A1200886227 /* PokemonSwiftUI.app */ = {isa = PBXFileReference; explicitFileType = wrapper.application; includeInIndex = 0; path = PokemonSwiftUI.app; sourceTree = BUILT_PRODUCTS_DIR; };
		CE6C6E622A617A1200886227 /* PokemonSwiftUIApp.swift */ = {isa = PBXFileReference; lastKnownFileType = sourcecode.swift; path = PokemonSwiftUIApp.swift; sourceTree = "<group>"; };
		CE6C6E642A617A1200886227 /* ContentView.swift */ = {isa = PBXFileReference; lastKnownFileType = sourcecode.swift; path = ContentView.swift; sourceTree = "<group>"; };
		CE6C6E662A617A1400886227 /* Assets.xcassets */ = {isa = PBXFileReference; lastKnownFileType = folder.assetcatalog; path = Assets.xcassets; sourceTree = "<group>"; };
		CE6C6E692A617A1400886227 /* Preview Assets.xcassets */ = {isa = PBXFileReference; lastKnownFileType = folder.assetcatalog; path = "Preview Assets.xcassets"; sourceTree = "<group>"; };
		CE6C6E6B2A617A1400886227 /* Persistence.swift */ = {isa = PBXFileReference; lastKnownFileType = sourcecode.swift; path = Persistence.swift; sourceTree = "<group>"; };
		CE6C6E6E2A617A1400886227 /* PokemonSwiftUI.xcdatamodel */ = {isa = PBXFileReference; lastKnownFileType = wrapper.xcdatamodel; path = PokemonSwiftUI.xcdatamodel; sourceTree = "<group>"; };
		CE6C6E742A617A1400886227 /* PokemonSwiftUITests.xctest */ = {isa = PBXFileReference; explicitFileType = wrapper.cfbundle; includeInIndex = 0; path = PokemonSwiftUITests.xctest; sourceTree = BUILT_PRODUCTS_DIR; };
		CE6C6E782A617A1400886227 /* PokemonSwiftUITests.swift */ = {isa = PBXFileReference; lastKnownFileType = sourcecode.swift; path = PokemonSwiftUITests.swift; sourceTree = "<group>"; };
		CE6C6E7E2A617A1400886227 /* PokemonSwiftUIUITests.xctest */ = {isa = PBXFileReference; explicitFileType = wrapper.cfbundle; includeInIndex = 0; path = PokemonSwiftUIUITests.xctest; sourceTree = BUILT_PRODUCTS_DIR; };
		CE6C6E822A617A1400886227 /* PokemonSwiftUIUITests.swift */ = {isa = PBXFileReference; lastKnownFileType = sourcecode.swift; path = PokemonSwiftUIUITests.swift; sourceTree = "<group>"; };
		CE6C6E842A617A1400886227 /* PokemonSwiftUIUITestsLaunchTests.swift */ = {isa = PBXFileReference; lastKnownFileType = sourcecode.swift; path = PokemonSwiftUIUITestsLaunchTests.swift; sourceTree = "<group>"; };
		CE6C6E952A617AC400886227 /* PokemonRow.swift */ = {isa = PBXFileReference; lastKnownFileType = sourcecode.swift; path = PokemonRow.swift; sourceTree = "<group>"; };
		CE6C6E972A617BAC00886227 /* Pokemon.swift */ = {isa = PBXFileReference; lastKnownFileType = sourcecode.swift; path = Pokemon.swift; sourceTree = "<group>"; };
		CE6C6E992A617D3A00886227 /* ConstantVariables.swift */ = {isa = PBXFileReference; lastKnownFileType = sourcecode.swift; path = ConstantVariables.swift; sourceTree = "<group>"; };
		CE6C6E9C2A617E6E00886227 /* PokemonListViewModel.swift */ = {isa = PBXFileReference; lastKnownFileType = sourcecode.swift; path = PokemonListViewModel.swift; sourceTree = "<group>"; };
		CEC2A9872A68194F0066A302 /* Profile.swift */ = {isa = PBXFileReference; lastKnownFileType = sourcecode.swift; path = Profile.swift; sourceTree = "<group>"; };
		CEC2A9892A681E610066A302 /* GradientBackground.swift */ = {isa = PBXFileReference; lastKnownFileType = sourcecode.swift; path = GradientBackground.swift; sourceTree = "<group>"; };
		CEC2A98C2A68259F0066A302 /* SettingsView.swift */ = {isa = PBXFileReference; lastKnownFileType = sourcecode.swift; path = SettingsView.swift; sourceTree = "<group>"; };
		CEC2A9912A68757A0066A302 /* LoginViewModel.swift */ = {isa = PBXFileReference; lastKnownFileType = sourcecode.swift; path = LoginViewModel.swift; sourceTree = "<group>"; };
		CEC2A9992A698F2A0066A302 /* Auth0.plist */ = {isa = PBXFileReference; lastKnownFileType = text.plist.xml; path = Auth0.plist; sourceTree = "<group>"; };
		CEE4682F2A6AD54D00612923 /* PokemonDetailViewModel.swift */ = {isa = PBXFileReference; lastKnownFileType = sourcecode.swift; path = PokemonDetailViewModel.swift; sourceTree = "<group>"; };
/* End PBXFileReference section */

/* Begin PBXFrameworksBuildPhase section */
		CE6C6E5C2A617A1200886227 /* Frameworks */ = {
			isa = PBXFrameworksBuildPhase;
			buildActionMask = 2147483647;
			files = (
				CEC2A9902A682A140066A302 /* Kingfisher in Frameworks */,
				CEC2A9982A698D2B0066A302 /* Auth0 in Frameworks */,
			);
			runOnlyForDeploymentPostprocessing = 0;
		};
		CE6C6E712A617A1400886227 /* Frameworks */ = {
			isa = PBXFrameworksBuildPhase;
			buildActionMask = 2147483647;
			files = (
			);
			runOnlyForDeploymentPostprocessing = 0;
		};
		CE6C6E7B2A617A1400886227 /* Frameworks */ = {
			isa = PBXFrameworksBuildPhase;
			buildActionMask = 2147483647;
			files = (
			);
			runOnlyForDeploymentPostprocessing = 0;
		};
/* End PBXFrameworksBuildPhase section */

/* Begin PBXGroup section */
		CE2053AF2A68149200C96159 /* Pokemon */ = {
			isa = PBXGroup;
			children = (
				CE6C6E952A617AC400886227 /* PokemonRow.swift */,
				CE2053AD2A68142300C96159 /* PokemonList.swift */,
				CE2053AB2A68140600C96159 /* PokemonDetail.swift */,
			);
			path = Pokemon;
			sourceTree = "<group>";
		};
		CE2053B22A6814C500C96159 /* Login */ = {
			isa = PBXGroup;
			children = (
				CE2053B02A6814C000C96159 /* LoginView.swift */,
			);
			path = Login;
			sourceTree = "<group>";
		};
		CE2053B32A6814D600C96159 /* Helpers */ = {
			isa = PBXGroup;
			children = (
				CE2053B42A68185100C96159 /* PikachuImage.swift */,
				CEC2A9892A681E610066A302 /* GradientBackground.swift */,
			);
			path = Helpers;
			sourceTree = "<group>";
		};
		CE6C6E562A617A1100886227 = {
			isa = PBXGroup;
			children = (
				CE6C6E612A617A1200886227 /* PokemonSwiftUI */,
				CE6C6E772A617A1400886227 /* PokemonSwiftUITests */,
				CE6C6E812A617A1400886227 /* PokemonSwiftUIUITests */,
				CE6C6E602A617A1200886227 /* Products */,
			);
			sourceTree = "<group>";
		};
		CE6C6E602A617A1200886227 /* Products */ = {
			isa = PBXGroup;
			children = (
				CE6C6E5F2A617A1200886227 /* PokemonSwiftUI.app */,
				CE6C6E742A617A1400886227 /* PokemonSwiftUITests.xctest */,
				CE6C6E7E2A617A1400886227 /* PokemonSwiftUIUITests.xctest */,
			);
			name = Products;
			sourceTree = "<group>";
		};
		CE6C6E612A617A1200886227 /* PokemonSwiftUI */ = {
			isa = PBXGroup;
			children = (
				CE6C6E9B2A617D6600886227 /* Utilities */,
				CE6C6E942A617A5500886227 /* Model */,
				CE6C6E922A617A3A00886227 /* Repositoy */,
				CE6C6E912A617A3100886227 /* Views */,
				CE6C6E932A617A4600886227 /* ViewModel */,
				CE6C6E622A617A1200886227 /* PokemonSwiftUIApp.swift */,
				CE6C6E662A617A1400886227 /* Assets.xcassets */,
				CE6C6E6B2A617A1400886227 /* Persistence.swift */,
				CE6C6E6D2A617A1400886227 /* PokemonSwiftUI.xcdatamodeld */,
				CE6C6E682A617A1400886227 /* Preview Content */,
				CEC2A9992A698F2A0066A302 /* Auth0.plist */,
			);
			path = PokemonSwiftUI;
			sourceTree = "<group>";
		};
		CE6C6E682A617A1400886227 /* Preview Content */ = {
			isa = PBXGroup;
			children = (
				CE6C6E692A617A1400886227 /* Preview Assets.xcassets */,
			);
			path = "Preview Content";
			sourceTree = "<group>";
		};
		CE6C6E772A617A1400886227 /* PokemonSwiftUITests */ = {
			isa = PBXGroup;
			children = (
				CE6C6E782A617A1400886227 /* PokemonSwiftUITests.swift */,
			);
			path = PokemonSwiftUITests;
			sourceTree = "<group>";
		};
		CE6C6E812A617A1400886227 /* PokemonSwiftUIUITests */ = {
			isa = PBXGroup;
			children = (
				CE6C6E822A617A1400886227 /* PokemonSwiftUIUITests.swift */,
				CE6C6E842A617A1400886227 /* PokemonSwiftUIUITestsLaunchTests.swift */,
			);
			path = PokemonSwiftUIUITests;
			sourceTree = "<group>";
		};
		CE6C6E912A617A3100886227 /* Views */ = {
			isa = PBXGroup;
			children = (
				CEE468312A6ADA9E00612923 /* SearchView */,
				CE2053B22A6814C500C96159 /* Login */,
				CE2053AF2A68149200C96159 /* Pokemon */,
				CEC2A98B2A6825850066A302 /* Setting */,
				CE2053B32A6814D600C96159 /* Helpers */,
				CE6C6E642A617A1200886227 /* ContentView.swift */,
			);
			path = Views;
			sourceTree = "<group>";
		};
		CE6C6E922A617A3A00886227 /* Repositoy */ = {
			isa = PBXGroup;
			children = (
			);
			path = Repositoy;
			sourceTree = "<group>";
		};
		CE6C6E932A617A4600886227 /* ViewModel */ = {
			isa = PBXGroup;
			children = (
				CE6C6E9C2A617E6E00886227 /* PokemonListViewModel.swift */,
				CEC2A9912A68757A0066A302 /* LoginViewModel.swift */,
				CEE4682F2A6AD54D00612923 /* PokemonDetailViewModel.swift */,
			);
			path = ViewModel;
			sourceTree = "<group>";
		};
		CE6C6E942A617A5500886227 /* Model */ = {
			isa = PBXGroup;
			children = (
				CE6C6E972A617BAC00886227 /* Pokemon.swift */,
				CEC2A9872A68194F0066A302 /* Profile.swift */,
			);
			path = Model;
			sourceTree = "<group>";
		};
		CE6C6E9B2A617D6600886227 /* Utilities */ = {
			isa = PBXGroup;
			children = (
				CE6C6E992A617D3A00886227 /* ConstantVariables.swift */,
			);
			path = Utilities;
			sourceTree = "<group>";
		};
		CEC2A98B2A6825850066A302 /* Setting */ = {
			isa = PBXGroup;
			children = (
				CEC2A98C2A68259F0066A302 /* SettingsView.swift */,
			);
			path = Setting;
			sourceTree = "<group>";
		};
		CEE468312A6ADA9E00612923 /* SearchView */ = {
			isa = PBXGroup;
			children = (
			);
			path = SearchView;
			sourceTree = "<group>";
		};
/* End PBXGroup section */

/* Begin PBXNativeTarget section */
		CE6C6E5E2A617A1200886227 /* PokemonSwiftUI */ = {
			isa = PBXNativeTarget;
			buildConfigurationList = CE6C6E882A617A1400886227 /* Build configuration list for PBXNativeTarget "PokemonSwiftUI" */;
			buildPhases = (
				CE6C6E5B2A617A1200886227 /* Sources */,
				CE6C6E5C2A617A1200886227 /* Frameworks */,
				CE6C6E5D2A617A1200886227 /* Resources */,
			);
			buildRules = (
			);
			dependencies = (
			);
			name = PokemonSwiftUI;
			packageProductDependencies = (
				CEC2A98F2A682A140066A302 /* Kingfisher */,
				CEC2A9972A698D2B0066A302 /* Auth0 */,
			);
			productName = PokemonSwiftUI;
			productReference = CE6C6E5F2A617A1200886227 /* PokemonSwiftUI.app */;
			productType = "com.apple.product-type.application";
		};
		CE6C6E732A617A1400886227 /* PokemonSwiftUITests */ = {
			isa = PBXNativeTarget;
			buildConfigurationList = CE6C6E8B2A617A1400886227 /* Build configuration list for PBXNativeTarget "PokemonSwiftUITests" */;
			buildPhases = (
				CE6C6E702A617A1400886227 /* Sources */,
				CE6C6E712A617A1400886227 /* Frameworks */,
				CE6C6E722A617A1400886227 /* Resources */,
			);
			buildRules = (
			);
			dependencies = (
				CE6C6E762A617A1400886227 /* PBXTargetDependency */,
			);
			name = PokemonSwiftUITests;
			productName = PokemonSwiftUITests;
			productReference = CE6C6E742A617A1400886227 /* PokemonSwiftUITests.xctest */;
			productType = "com.apple.product-type.bundle.unit-test";
		};
		CE6C6E7D2A617A1400886227 /* PokemonSwiftUIUITests */ = {
			isa = PBXNativeTarget;
			buildConfigurationList = CE6C6E8E2A617A1400886227 /* Build configuration list for PBXNativeTarget "PokemonSwiftUIUITests" */;
			buildPhases = (
				CE6C6E7A2A617A1400886227 /* Sources */,
				CE6C6E7B2A617A1400886227 /* Frameworks */,
				CE6C6E7C2A617A1400886227 /* Resources */,
			);
			buildRules = (
			);
			dependencies = (
				CE6C6E802A617A1400886227 /* PBXTargetDependency */,
			);
			name = PokemonSwiftUIUITests;
			productName = PokemonSwiftUIUITests;
			productReference = CE6C6E7E2A617A1400886227 /* PokemonSwiftUIUITests.xctest */;
			productType = "com.apple.product-type.bundle.ui-testing";
		};
/* End PBXNativeTarget section */

/* Begin PBXProject section */
		CE6C6E572A617A1100886227 /* Project object */ = {
			isa = PBXProject;
			attributes = {
				BuildIndependentTargetsInParallel = 1;
				LastSwiftUpdateCheck = 1430;
				LastUpgradeCheck = 1430;
				TargetAttributes = {
					CE6C6E5E2A617A1200886227 = {
						CreatedOnToolsVersion = 14.3.1;
					};
					CE6C6E732A617A1400886227 = {
						CreatedOnToolsVersion = 14.3.1;
						TestTargetID = CE6C6E5E2A617A1200886227;
					};
					CE6C6E7D2A617A1400886227 = {
						CreatedOnToolsVersion = 14.3.1;
						TestTargetID = CE6C6E5E2A617A1200886227;
					};
				};
			};
			buildConfigurationList = CE6C6E5A2A617A1100886227 /* Build configuration list for PBXProject "PokemonSwiftUI" */;
			compatibilityVersion = "Xcode 14.0";
			developmentRegion = en;
			hasScannedForEncodings = 0;
			knownRegions = (
				en,
				Base,
			);
			mainGroup = CE6C6E562A617A1100886227;
			packageReferences = (
				CEC2A98E2A682A130066A302 /* XCRemoteSwiftPackageReference "Kingfisher" */,
				CEC2A9962A698D2B0066A302 /* XCRemoteSwiftPackageReference "Auth0" */,
			);
			productRefGroup = CE6C6E602A617A1200886227 /* Products */;
			projectDirPath = "";
			projectRoot = "";
			targets = (
				CE6C6E5E2A617A1200886227 /* PokemonSwiftUI */,
				CE6C6E732A617A1400886227 /* PokemonSwiftUITests */,
				CE6C6E7D2A617A1400886227 /* PokemonSwiftUIUITests */,
			);
		};
/* End PBXProject section */

/* Begin PBXResourcesBuildPhase section */
		CE6C6E5D2A617A1200886227 /* Resources */ = {
			isa = PBXResourcesBuildPhase;
			buildActionMask = 2147483647;
			files = (
				CE6C6E6A2A617A1400886227 /* Preview Assets.xcassets in Resources */,
				CEC2A99A2A698F2A0066A302 /* Auth0.plist in Resources */,
				CE6C6E672A617A1400886227 /* Assets.xcassets in Resources */,
			);
			runOnlyForDeploymentPostprocessing = 0;
		};
		CE6C6E722A617A1400886227 /* Resources */ = {
			isa = PBXResourcesBuildPhase;
			buildActionMask = 2147483647;
			files = (
			);
			runOnlyForDeploymentPostprocessing = 0;
		};
		CE6C6E7C2A617A1400886227 /* Resources */ = {
			isa = PBXResourcesBuildPhase;
			buildActionMask = 2147483647;
			files = (
			);
			runOnlyForDeploymentPostprocessing = 0;
		};
/* End PBXResourcesBuildPhase section */

/* Begin PBXSourcesBuildPhase section */
		CE6C6E5B2A617A1200886227 /* Sources */ = {
			isa = PBXSourcesBuildPhase;
			buildActionMask = 2147483647;
			files = (
				CEC2A98D2A68259F0066A302 /* SettingsView.swift in Sources */,
				CE6C6E6C2A617A1400886227 /* Persistence.swift in Sources */,
				CE6C6E962A617AC400886227 /* PokemonRow.swift in Sources */,
				CE6C6E652A617A1200886227 /* ContentView.swift in Sources */,
				CEC2A9922A68757A0066A302 /* LoginViewModel.swift in Sources */,
				CEE468302A6AD54D00612923 /* PokemonDetailViewModel.swift in Sources */,
				CEC2A9882A68194F0066A302 /* Profile.swift in Sources */,
				CE6C6E632A617A1200886227 /* PokemonSwiftUIApp.swift in Sources */,
				CEC2A98A2A681E610066A302 /* GradientBackground.swift in Sources */,
				CE6C6E6F2A617A1400886227 /* PokemonSwiftUI.xcdatamodeld in Sources */,
				CE6C6E9D2A617E6E00886227 /* PokemonListViewModel.swift in Sources */,
				CE6C6E982A617BAC00886227 /* Pokemon.swift in Sources */,
				CE2053AC2A68140600C96159 /* PokemonDetail.swift in Sources */,
				CE2053B12A6814C000C96159 /* LoginView.swift in Sources */,
				CE2053B52A68185100C96159 /* PikachuImage.swift in Sources */,
				CE6C6E9A2A617D3A00886227 /* ConstantVariables.swift in Sources */,
				CE2053AE2A68142300C96159 /* PokemonList.swift in Sources */,
			);
			runOnlyForDeploymentPostprocessing = 0;
		};
		CE6C6E702A617A1400886227 /* Sources */ = {
			isa = PBXSourcesBuildPhase;
			buildActionMask = 2147483647;
			files = (
				CE6C6E792A617A1400886227 /* PokemonSwiftUITests.swift in Sources */,
			);
			runOnlyForDeploymentPostprocessing = 0;
		};
		CE6C6E7A2A617A1400886227 /* Sources */ = {
			isa = PBXSourcesBuildPhase;
			buildActionMask = 2147483647;
			files = (
				CE6C6E852A617A1400886227 /* PokemonSwiftUIUITestsLaunchTests.swift in Sources */,
				CE6C6E832A617A1400886227 /* PokemonSwiftUIUITests.swift in Sources */,
			);
			runOnlyForDeploymentPostprocessing = 0;
		};
/* End PBXSourcesBuildPhase section */

/* Begin PBXTargetDependency section */
		CE6C6E762A617A1400886227 /* PBXTargetDependency */ = {
			isa = PBXTargetDependency;
			target = CE6C6E5E2A617A1200886227 /* PokemonSwiftUI */;
			targetProxy = CE6C6E752A617A1400886227 /* PBXContainerItemProxy */;
		};
		CE6C6E802A617A1400886227 /* PBXTargetDependency */ = {
			isa = PBXTargetDependency;
			target = CE6C6E5E2A617A1200886227 /* PokemonSwiftUI */;
			targetProxy = CE6C6E7F2A617A1400886227 /* PBXContainerItemProxy */;
		};
/* End PBXTargetDependency section */

/* Begin XCBuildConfiguration section */
		CE6C6E862A617A1400886227 /* Debug */ = {
			isa = XCBuildConfiguration;
			buildSettings = {
				ALWAYS_SEARCH_USER_PATHS = NO;
				CLANG_ANALYZER_NONNULL = YES;
				CLANG_ANALYZER_NUMBER_OBJECT_CONVERSION = YES_AGGRESSIVE;
				CLANG_CXX_LANGUAGE_STANDARD = "gnu++20";
				CLANG_ENABLE_MODULES = YES;
				CLANG_ENABLE_OBJC_ARC = YES;
				CLANG_ENABLE_OBJC_WEAK = YES;
				CLANG_WARN_BLOCK_CAPTURE_AUTORELEASING = YES;
				CLANG_WARN_BOOL_CONVERSION = YES;
				CLANG_WARN_COMMA = YES;
				CLANG_WARN_CONSTANT_CONVERSION = YES;
				CLANG_WARN_DEPRECATED_OBJC_IMPLEMENTATIONS = YES;
				CLANG_WARN_DIRECT_OBJC_ISA_USAGE = YES_ERROR;
				CLANG_WARN_DOCUMENTATION_COMMENTS = YES;
				CLANG_WARN_EMPTY_BODY = YES;
				CLANG_WARN_ENUM_CONVERSION = YES;
				CLANG_WARN_INFINITE_RECURSION = YES;
				CLANG_WARN_INT_CONVERSION = YES;
				CLANG_WARN_NON_LITERAL_NULL_CONVERSION = YES;
				CLANG_WARN_OBJC_IMPLICIT_RETAIN_SELF = YES;
				CLANG_WARN_OBJC_LITERAL_CONVERSION = YES;
				CLANG_WARN_OBJC_ROOT_CLASS = YES_ERROR;
				CLANG_WARN_QUOTED_INCLUDE_IN_FRAMEWORK_HEADER = YES;
				CLANG_WARN_RANGE_LOOP_ANALYSIS = YES;
				CLANG_WARN_STRICT_PROTOTYPES = YES;
				CLANG_WARN_SUSPICIOUS_MOVE = YES;
				CLANG_WARN_UNGUARDED_AVAILABILITY = YES_AGGRESSIVE;
				CLANG_WARN_UNREACHABLE_CODE = YES;
				CLANG_WARN__DUPLICATE_METHOD_MATCH = YES;
				COPY_PHASE_STRIP = NO;
				DEBUG_INFORMATION_FORMAT = dwarf;
				ENABLE_STRICT_OBJC_MSGSEND = YES;
				ENABLE_TESTABILITY = YES;
				GCC_C_LANGUAGE_STANDARD = gnu11;
				GCC_DYNAMIC_NO_PIC = NO;
				GCC_NO_COMMON_BLOCKS = YES;
				GCC_OPTIMIZATION_LEVEL = 0;
				GCC_PREPROCESSOR_DEFINITIONS = (
					"DEBUG=1",
					"$(inherited)",
				);
				GCC_WARN_64_TO_32_BIT_CONVERSION = YES;
				GCC_WARN_ABOUT_RETURN_TYPE = YES_ERROR;
				GCC_WARN_UNDECLARED_SELECTOR = YES;
				GCC_WARN_UNINITIALIZED_AUTOS = YES_AGGRESSIVE;
				GCC_WARN_UNUSED_FUNCTION = YES;
				GCC_WARN_UNUSED_VARIABLE = YES;
				IPHONEOS_DEPLOYMENT_TARGET = 16.4;
				MTL_ENABLE_DEBUG_INFO = INCLUDE_SOURCE;
				MTL_FAST_MATH = YES;
				ONLY_ACTIVE_ARCH = YES;
				SDKROOT = iphoneos;
				SWIFT_ACTIVE_COMPILATION_CONDITIONS = DEBUG;
				SWIFT_OPTIMIZATION_LEVEL = "-Onone";
			};
			name = Debug;
		};
		CE6C6E872A617A1400886227 /* Release */ = {
			isa = XCBuildConfiguration;
			buildSettings = {
				ALWAYS_SEARCH_USER_PATHS = NO;
				CLANG_ANALYZER_NONNULL = YES;
				CLANG_ANALYZER_NUMBER_OBJECT_CONVERSION = YES_AGGRESSIVE;
				CLANG_CXX_LANGUAGE_STANDARD = "gnu++20";
				CLANG_ENABLE_MODULES = YES;
				CLANG_ENABLE_OBJC_ARC = YES;
				CLANG_ENABLE_OBJC_WEAK = YES;
				CLANG_WARN_BLOCK_CAPTURE_AUTORELEASING = YES;
				CLANG_WARN_BOOL_CONVERSION = YES;
				CLANG_WARN_COMMA = YES;
				CLANG_WARN_CONSTANT_CONVERSION = YES;
				CLANG_WARN_DEPRECATED_OBJC_IMPLEMENTATIONS = YES;
				CLANG_WARN_DIRECT_OBJC_ISA_USAGE = YES_ERROR;
				CLANG_WARN_DOCUMENTATION_COMMENTS = YES;
				CLANG_WARN_EMPTY_BODY = YES;
				CLANG_WARN_ENUM_CONVERSION = YES;
				CLANG_WARN_INFINITE_RECURSION = YES;
				CLANG_WARN_INT_CONVERSION = YES;
				CLANG_WARN_NON_LITERAL_NULL_CONVERSION = YES;
				CLANG_WARN_OBJC_IMPLICIT_RETAIN_SELF = YES;
				CLANG_WARN_OBJC_LITERAL_CONVERSION = YES;
				CLANG_WARN_OBJC_ROOT_CLASS = YES_ERROR;
				CLANG_WARN_QUOTED_INCLUDE_IN_FRAMEWORK_HEADER = YES;
				CLANG_WARN_RANGE_LOOP_ANALYSIS = YES;
				CLANG_WARN_STRICT_PROTOTYPES = YES;
				CLANG_WARN_SUSPICIOUS_MOVE = YES;
				CLANG_WARN_UNGUARDED_AVAILABILITY = YES_AGGRESSIVE;
				CLANG_WARN_UNREACHABLE_CODE = YES;
				CLANG_WARN__DUPLICATE_METHOD_MATCH = YES;
				COPY_PHASE_STRIP = NO;
				DEBUG_INFORMATION_FORMAT = "dwarf-with-dsym";
				ENABLE_NS_ASSERTIONS = NO;
				ENABLE_STRICT_OBJC_MSGSEND = YES;
				GCC_C_LANGUAGE_STANDARD = gnu11;
				GCC_NO_COMMON_BLOCKS = YES;
				GCC_WARN_64_TO_32_BIT_CONVERSION = YES;
				GCC_WARN_ABOUT_RETURN_TYPE = YES_ERROR;
				GCC_WARN_UNDECLARED_SELECTOR = YES;
				GCC_WARN_UNINITIALIZED_AUTOS = YES_AGGRESSIVE;
				GCC_WARN_UNUSED_FUNCTION = YES;
				GCC_WARN_UNUSED_VARIABLE = YES;
				IPHONEOS_DEPLOYMENT_TARGET = 16.4;
				MTL_ENABLE_DEBUG_INFO = NO;
				MTL_FAST_MATH = YES;
				SDKROOT = iphoneos;
				SWIFT_COMPILATION_MODE = wholemodule;
				SWIFT_OPTIMIZATION_LEVEL = "-O";
				VALIDATE_PRODUCT = YES;
			};
			name = Release;
		};
		CE6C6E892A617A1400886227 /* Debug */ = {
			isa = XCBuildConfiguration;
			buildSettings = {
				ASSETCATALOG_COMPILER_APPICON_NAME = AppIcon;
				ASSETCATALOG_COMPILER_GLOBAL_ACCENT_COLOR_NAME = AccentColor;
				CODE_SIGN_STYLE = Automatic;
				CURRENT_PROJECT_VERSION = 1;
				DEVELOPMENT_ASSET_PATHS = "\"PokemonSwiftUI/Preview Content\"";
				DEVELOPMENT_TEAM = J59928XLF5;
				ENABLE_PREVIEWS = YES;
				GENERATE_INFOPLIST_FILE = YES;
				INFOPLIST_KEY_UIApplicationSceneManifest_Generation = YES;
				INFOPLIST_KEY_UIApplicationSupportsIndirectInputEvents = YES;
				INFOPLIST_KEY_UILaunchScreen_Generation = YES;
				INFOPLIST_KEY_UISupportedInterfaceOrientations_iPad = "UIInterfaceOrientationPortrait UIInterfaceOrientationPortraitUpsideDown UIInterfaceOrientationLandscapeLeft UIInterfaceOrientationLandscapeRight";
				INFOPLIST_KEY_UISupportedInterfaceOrientations_iPhone = "UIInterfaceOrientationPortrait UIInterfaceOrientationLandscapeLeft UIInterfaceOrientationLandscapeRight";
				LD_RUNPATH_SEARCH_PATHS = (
					"$(inherited)",
					"@executable_path/Frameworks",
				);
				MARKETING_VERSION = 1.0;
				PRODUCT_BUNDLE_IDENTIFIER = com.example.PokemonSwiftUI;
				PRODUCT_NAME = "$(TARGET_NAME)";
				SWIFT_EMIT_LOC_STRINGS = YES;
				SWIFT_VERSION = 5.0;
				TARGETED_DEVICE_FAMILY = "1,2";
			};
			name = Debug;
		};
		CE6C6E8A2A617A1400886227 /* Release */ = {
			isa = XCBuildConfiguration;
			buildSettings = {
				ASSETCATALOG_COMPILER_APPICON_NAME = AppIcon;
				ASSETCATALOG_COMPILER_GLOBAL_ACCENT_COLOR_NAME = AccentColor;
				CODE_SIGN_STYLE = Automatic;
				CURRENT_PROJECT_VERSION = 1;
				DEVELOPMENT_ASSET_PATHS = "\"PokemonSwiftUI/Preview Content\"";
				DEVELOPMENT_TEAM = J59928XLF5;
				ENABLE_PREVIEWS = YES;
				GENERATE_INFOPLIST_FILE = YES;
				INFOPLIST_KEY_UIApplicationSceneManifest_Generation = YES;
				INFOPLIST_KEY_UIApplicationSupportsIndirectInputEvents = YES;
				INFOPLIST_KEY_UILaunchScreen_Generation = YES;
				INFOPLIST_KEY_UISupportedInterfaceOrientations_iPad = "UIInterfaceOrientationPortrait UIInterfaceOrientationPortraitUpsideDown UIInterfaceOrientationLandscapeLeft UIInterfaceOrientationLandscapeRight";
				INFOPLIST_KEY_UISupportedInterfaceOrientations_iPhone = "UIInterfaceOrientationPortrait UIInterfaceOrientationLandscapeLeft UIInterfaceOrientationLandscapeRight";
				LD_RUNPATH_SEARCH_PATHS = (
					"$(inherited)",
					"@executable_path/Frameworks",
				);
				MARKETING_VERSION = 1.0;
				PRODUCT_BUNDLE_IDENTIFIER = com.example.PokemonSwiftUI;
				PRODUCT_NAME = "$(TARGET_NAME)";
				SWIFT_EMIT_LOC_STRINGS = YES;
				SWIFT_VERSION = 5.0;
				TARGETED_DEVICE_FAMILY = "1,2";
			};
			name = Release;
		};
		CE6C6E8C2A617A1400886227 /* Debug */ = {
			isa = XCBuildConfiguration;
			buildSettings = {
				ALWAYS_EMBED_SWIFT_STANDARD_LIBRARIES = YES;
				BUNDLE_LOADER = "$(TEST_HOST)";
				CODE_SIGN_STYLE = Automatic;
				CURRENT_PROJECT_VERSION = 1;
				DEVELOPMENT_TEAM = J59928XLF5;
				GENERATE_INFOPLIST_FILE = YES;
				IPHONEOS_DEPLOYMENT_TARGET = 16.4;
				MARKETING_VERSION = 1.0;
				PRODUCT_BUNDLE_IDENTIFIER = com.example.PokemonSwiftUITests;
				PRODUCT_NAME = "$(TARGET_NAME)";
				SWIFT_EMIT_LOC_STRINGS = NO;
				SWIFT_VERSION = 5.0;
				TARGETED_DEVICE_FAMILY = "1,2";
				TEST_HOST = "$(BUILT_PRODUCTS_DIR)/PokemonSwiftUI.app/$(BUNDLE_EXECUTABLE_FOLDER_PATH)/PokemonSwiftUI";
			};
			name = Debug;
		};
		CE6C6E8D2A617A1400886227 /* Release */ = {
			isa = XCBuildConfiguration;
			buildSettings = {
				ALWAYS_EMBED_SWIFT_STANDARD_LIBRARIES = YES;
				BUNDLE_LOADER = "$(TEST_HOST)";
				CODE_SIGN_STYLE = Automatic;
				CURRENT_PROJECT_VERSION = 1;
				DEVELOPMENT_TEAM = J59928XLF5;
				GENERATE_INFOPLIST_FILE = YES;
				IPHONEOS_DEPLOYMENT_TARGET = 16.4;
				MARKETING_VERSION = 1.0;
				PRODUCT_BUNDLE_IDENTIFIER = com.example.PokemonSwiftUITests;
				PRODUCT_NAME = "$(TARGET_NAME)";
				SWIFT_EMIT_LOC_STRINGS = NO;
				SWIFT_VERSION = 5.0;
				TARGETED_DEVICE_FAMILY = "1,2";
				TEST_HOST = "$(BUILT_PRODUCTS_DIR)/PokemonSwiftUI.app/$(BUNDLE_EXECUTABLE_FOLDER_PATH)/PokemonSwiftUI";
			};
			name = Release;
		};
		CE6C6E8F2A617A1400886227 /* Debug */ = {
			isa = XCBuildConfiguration;
			buildSettings = {
				ALWAYS_EMBED_SWIFT_STANDARD_LIBRARIES = YES;
				CODE_SIGN_STYLE = Automatic;
				CURRENT_PROJECT_VERSION = 1;
				DEVELOPMENT_TEAM = J59928XLF5;
				GENERATE_INFOPLIST_FILE = YES;
				MARKETING_VERSION = 1.0;
				PRODUCT_BUNDLE_IDENTIFIER = com.example.PokemonSwiftUIUITests;
				PRODUCT_NAME = "$(TARGET_NAME)";
				SWIFT_EMIT_LOC_STRINGS = NO;
				SWIFT_VERSION = 5.0;
				TARGETED_DEVICE_FAMILY = "1,2";
				TEST_TARGET_NAME = PokemonSwiftUI;
			};
			name = Debug;
		};
		CE6C6E902A617A1400886227 /* Release */ = {
			isa = XCBuildConfiguration;
			buildSettings = {
				ALWAYS_EMBED_SWIFT_STANDARD_LIBRARIES = YES;
				CODE_SIGN_STYLE = Automatic;
				CURRENT_PROJECT_VERSION = 1;
				DEVELOPMENT_TEAM = J59928XLF5;
				GENERATE_INFOPLIST_FILE = YES;
				MARKETING_VERSION = 1.0;
				PRODUCT_BUNDLE_IDENTIFIER = com.example.PokemonSwiftUIUITests;
				PRODUCT_NAME = "$(TARGET_NAME)";
				SWIFT_EMIT_LOC_STRINGS = NO;
				SWIFT_VERSION = 5.0;
				TARGETED_DEVICE_FAMILY = "1,2";
				TEST_TARGET_NAME = PokemonSwiftUI;
			};
			name = Release;
		};
/* End XCBuildConfiguration section */

/* Begin XCConfigurationList section */
		CE6C6E5A2A617A1100886227 /* Build configuration list for PBXProject "PokemonSwiftUI" */ = {
			isa = XCConfigurationList;
			buildConfigurations = (
				CE6C6E862A617A1400886227 /* Debug */,
				CE6C6E872A617A1400886227 /* Release */,
			);
			defaultConfigurationIsVisible = 0;
			defaultConfigurationName = Release;
		};
		CE6C6E882A617A1400886227 /* Build configuration list for PBXNativeTarget "PokemonSwiftUI" */ = {
			isa = XCConfigurationList;
			buildConfigurations = (
				CE6C6E892A617A1400886227 /* Debug */,
				CE6C6E8A2A617A1400886227 /* Release */,
			);
			defaultConfigurationIsVisible = 0;
			defaultConfigurationName = Release;
		};
		CE6C6E8B2A617A1400886227 /* Build configuration list for PBXNativeTarget "PokemonSwiftUITests" */ = {
			isa = XCConfigurationList;
			buildConfigurations = (
				CE6C6E8C2A617A1400886227 /* Debug */,
				CE6C6E8D2A617A1400886227 /* Release */,
			);
			defaultConfigurationIsVisible = 0;
			defaultConfigurationName = Release;
		};
		CE6C6E8E2A617A1400886227 /* Build configuration list for PBXNativeTarget "PokemonSwiftUIUITests" */ = {
			isa = XCConfigurationList;
			buildConfigurations = (
				CE6C6E8F2A617A1400886227 /* Debug */,
				CE6C6E902A617A1400886227 /* Release */,
			);
			defaultConfigurationIsVisible = 0;
			defaultConfigurationName = Release;
		};
/* End XCConfigurationList section */

/* Begin XCRemoteSwiftPackageReference section */
		CEC2A98E2A682A130066A302 /* XCRemoteSwiftPackageReference "Kingfisher" */ = {
			isa = XCRemoteSwiftPackageReference;
			repositoryURL = "https://github.com/onevcat/Kingfisher";
			requirement = {
				kind = upToNextMajorVersion;
				minimumVersion = 7.0.0;
			};
		};
		CEC2A9962A698D2B0066A302 /* XCRemoteSwiftPackageReference "Auth0" */ = {
			isa = XCRemoteSwiftPackageReference;
			repositoryURL = "https://github.com/auth0/Auth0.swift";
			requirement = {
				kind = upToNextMajorVersion;
				minimumVersion = 2.0.0;
			};
		};
/* End XCRemoteSwiftPackageReference section */

/* Begin XCSwiftPackageProductDependency section */
		CEC2A98F2A682A140066A302 /* Kingfisher */ = {
			isa = XCSwiftPackageProductDependency;
			package = CEC2A98E2A682A130066A302 /* XCRemoteSwiftPackageReference "Kingfisher" */;
			productName = Kingfisher;
		};
		CEC2A9972A698D2B0066A302 /* Auth0 */ = {
			isa = XCSwiftPackageProductDependency;
			package = CEC2A9962A698D2B0066A302 /* XCRemoteSwiftPackageReference "Auth0" */;
			productName = Auth0;
		};
/* End XCSwiftPackageProductDependency section */

/* Begin XCVersionGroup section */
		CE6C6E6D2A617A1400886227 /* PokemonSwiftUI.xcdatamodeld */ = {
			isa = XCVersionGroup;
			children = (
				CE6C6E6E2A617A1400886227 /* PokemonSwiftUI.xcdatamodel */,
			);
			currentVersion = CE6C6E6E2A617A1400886227 /* PokemonSwiftUI.xcdatamodel */;
			path = PokemonSwiftUI.xcdatamodeld;
			sourceTree = "<group>";
			versionGroupType = wrapper.xcdatamodel;
		};
/* End XCVersionGroup section */
	};
	rootObject = CE6C6E572A617A1100886227 /* Project object */;
}
